// !$*UTF8*$!
{
	archiveVersion = 1;
	classes = {
	};
	objectVersion = 50;
	objects = {

/* Begin PBXBuildFile section */
		154613A925C81A0000CEEA92 /* indexPage.swift in Sources */ = {isa = PBXBuildFile; fileRef = 154613A825C81A0000CEEA92 /* indexPage.swift */; };
		15A321A224E40EE200993CA3 /* AppDelegate.swift in Sources */ = {isa = PBXBuildFile; fileRef = 15A321A124E40EE200993CA3 /* AppDelegate.swift */; };
		15A321A424E40EE200993CA3 /* SceneDelegate.swift in Sources */ = {isa = PBXBuildFile; fileRef = 15A321A324E40EE200993CA3 /* SceneDelegate.swift */; };
		15A321A624E40EE200993CA3 /* ViewController.swift in Sources */ = {isa = PBXBuildFile; fileRef = 15A321A524E40EE200993CA3 /* ViewController.swift */; };
		15A321A924E40EE200993CA3 /* Main.storyboard in Resources */ = {isa = PBXBuildFile; fileRef = 15A321A724E40EE200993CA3 /* Main.storyboard */; };
		15A321AB24E40EE400993CA3 /* Assets.xcassets in Resources */ = {isa = PBXBuildFile; fileRef = 15A321AA24E40EE400993CA3 /* Assets.xcassets */; };
		15A321AE24E40EE400993CA3 /* LaunchScreen.storyboard in Resources */ = {isa = PBXBuildFile; fileRef = 15A321AC24E40EE400993CA3 /* LaunchScreen.storyboard */; };
		15A5A13D2506635A00903401 /* BaseballCell.swift in Sources */ = {isa = PBXBuildFile; fileRef = 15A5A13C2506635A00903401 /* BaseballCell.swift */; };
/* End PBXBuildFile section */

/* Begin PBXFileReference section */
		154613A825C81A0000CEEA92 /* indexPage.swift */ = {isa = PBXFileReference; lastKnownFileType = sourcecode.swift; path = indexPage.swift; sourceTree = "<group>"; };
		15A3219E24E40EE200993CA3 /* BaseBallGame.app */ = {isa = PBXFileReference; explicitFileType = wrapper.application; includeInIndex = 0; path = BaseBallGame.app; sourceTree = BUILT_PRODUCTS_DIR; };
		15A321A124E40EE200993CA3 /* AppDelegate.swift */ = {isa = PBXFileReference; lastKnownFileType = sourcecode.swift; path = AppDelegate.swift; sourceTree = "<group>"; };
		15A321A324E40EE200993CA3 /* SceneDelegate.swift */ = {isa = PBXFileReference; lastKnownFileType = sourcecode.swift; path = SceneDelegate.swift; sourceTree = "<group>"; };
		15A321A524E40EE200993CA3 /* ViewController.swift */ = {isa = PBXFileReference; lastKnownFileType = sourcecode.swift; path = ViewController.swift; sourceTree = "<group>"; };
		15A321A824E40EE200993CA3 /* Base */ = {isa = PBXFileReference; lastKnownFileType = file.storyboard; name = Base; path = Base.lproj/Main.storyboard; sourceTree = "<group>"; };
		15A321AA24E40EE400993CA3 /* Assets.xcassets */ = {isa = PBXFileReference; lastKnownFileType = folder.assetcatalog; path = Assets.xcassets; sourceTree = "<group>"; };
		15A321AD24E40EE400993CA3 /* Base */ = {isa = PBXFileReference; lastKnownFileType = file.storyboard; name = Base; path = Base.lproj/LaunchScreen.storyboard; sourceTree = "<group>"; };
		15A321AF24E40EE400993CA3 /* Info.plist */ = {isa = PBXFileReference; lastKnownFileType = text.plist.xml; path = Info.plist; sourceTree = "<group>"; };
		15A5A13C2506635A00903401 /* BaseballCell.swift */ = {isa = PBXFileReference; lastKnownFileType = sourcecode.swift; path = BaseballCell.swift; sourceTree = "<group>"; };
/* End PBXFileReference section */

/* Begin PBXFrameworksBuildPhase section */
		15A3219B24E40EE200993CA3 /* Frameworks */ = {
			isa = PBXFrameworksBuildPhase;
			buildActionMask = 2147483647;
			files = (
			);
			runOnlyForDeploymentPostprocessing = 0;
		};
/* End PBXFrameworksBuildPhase section */

/* Begin PBXGroup section */
		15A3219524E40EE200993CA3 = {
			isa = PBXGroup;
			children = (
				15A321A024E40EE200993CA3 /* BaseBallGame */,
				15A3219F24E40EE200993CA3 /* Products */,
			);
			sourceTree = "<group>";
		};
		15A3219F24E40EE200993CA3 /* Products */ = {
			isa = PBXGroup;
			children = (
				15A3219E24E40EE200993CA3 /* BaseBallGame.app */,
			);
			name = Products;
			sourceTree = "<group>";
		};
		15A321A024E40EE200993CA3 /* BaseBallGame */ = {
			isa = PBXGroup;
			children = (
				15A321A124E40EE200993CA3 /* AppDelegate.swift */,
				15A321A324E40EE200993CA3 /* SceneDelegate.swift */,
				15A321A524E40EE200993CA3 /* ViewController.swift */,
				15A5A13C2506635A00903401 /* BaseballCell.swift */,
				15A321A724E40EE200993CA3 /* Main.storyboard */,
				154613A825C81A0000CEEA92 /* indexPage.swift */,
				15A321AA24E40EE400993CA3 /* Assets.xcassets */,
				15A321AC24E40EE400993CA3 /* LaunchScreen.storyboard */,
				15A321AF24E40EE400993CA3 /* Info.plist */,
			);
			path = BaseBallGame;
			sourceTree = "<group>";
		};
/* End PBXGroup section */

/* Begin PBXNativeTarget section */
		15A3219D24E40EE200993CA3 /* BaseBallGame */ = {
			isa = PBXNativeTarget;
			buildConfigurationList = 15A321B224E40EE400993CA3 /* Build configuration list for PBXNativeTarget "BaseBallGame" */;
			buildPhases = (
				15A3219A24E40EE200993CA3 /* Sources */,
				15A3219B24E40EE200993CA3 /* Frameworks */,
				15A3219C24E40EE200993CA3 /* Resources */,
			);
			buildRules = (
			);
			dependencies = (
			);
			name = BaseBallGame;
			productName = BaseBallGame;
			productReference = 15A3219E24E40EE200993CA3 /* BaseBallGame.app */;
			productType = "com.apple.product-type.application";
		};
/* End PBXNativeTarget section */

/* Begin PBXProject section */
		15A3219624E40EE200993CA3 /* Project object */ = {
			isa = PBXProject;
			attributes = {
				LastSwiftUpdateCheck = 1160;
				LastUpgradeCheck = 1220;
				ORGANIZATIONNAME = hongnemo;
				TargetAttributes = {
					15A3219D24E40EE200993CA3 = {
						CreatedOnToolsVersion = 11.6;
					};
				};
			};
			buildConfigurationList = 15A3219924E40EE200993CA3 /* Build configuration list for PBXProject "BaseBallGame" */;
			compatibilityVersion = "Xcode 9.3";
			developmentRegion = en;
			hasScannedForEncodings = 0;
			knownRegions = (
				en,
				Base,
			);
			mainGroup = 15A3219524E40EE200993CA3;
			productRefGroup = 15A3219F24E40EE200993CA3 /* Products */;
			projectDirPath = "";
			projectRoot = "";
			targets = (
				15A3219D24E40EE200993CA3 /* BaseBallGame */,
			);
		};
/* End PBXProject section */

/* Begin PBXResourcesBuildPhase section */
		15A3219C24E40EE200993CA3 /* Resources */ = {
			isa = PBXResourcesBuildPhase;
			buildActionMask = 2147483647;
			files = (
				15A321AE24E40EE400993CA3 /* LaunchScreen.storyboard in Resources */,
				15A321AB24E40EE400993CA3 /* Assets.xcassets in Resources */,
				15A321A924E40EE200993CA3 /* Main.storyboard in Resources */,
			);
			runOnlyForDeploymentPostprocessing = 0;
		};
/* End PBXResourcesBuildPhase section */

/* Begin PBXSourcesBuildPhase section */
		15A3219A24E40EE200993CA3 /* Sources */ = {
			isa = PBXSourcesBuildPhase;
			buildActionMask = 2147483647;
			files = (
				15A321A624E40EE200993CA3 /* ViewController.swift in Sources */,
				154613A925C81A0000CEEA92 /* indexPage.swift in Sources */,
				15A321A224E40EE200993CA3 /* AppDelegate.swift in Sources */,
				15A321A424E40EE200993CA3 /* SceneDelegate.swift in Sources */,
				15A5A13D2506635A00903401 /* BaseballCell.swift in Sources */,
			);
			runOnlyForDeploymentPostprocessing = 0;
		};
/* End PBXSourcesBuildPhase section */

/* Begin PBXVariantGroup section */
		15A321A724E40EE200993CA3 /* Main.storyboard */ = {
			isa = PBXVariantGroup;
			children = (
				15A321A824E40EE200993CA3 /* Base */,
			);
			name = Main.storyboard;
			sourceTree = "<group>";
		};
		15A321AC24E40EE400993CA3 /* LaunchScreen.storyboard */ = {
			isa = PBXVariantGroup;
			children = (
				15A321AD24E40EE400993CA3 /* Base */,
			);
			name = LaunchScreen.storyboard;
			sourceTree = "<group>";
		};
/* End PBXVariantGroup section */

/* Begin XCBuildConfiguration section */
		15A321B024E40EE400993CA3 /* Debug */ = {
			isa = XCBuildConfiguration;
			buildSettings = {
				ALWAYS_SEARCH_USER_PATHS = NO;
				CLANG_ANALYZER_NONNULL = YES;
				CLANG_ANALYZER_NUMBER_OBJECT_CONVERSION = YES_AGGRESSIVE;
				CLANG_CXX_LANGUAGE_STANDARD = "gnu++14";
				CLANG_CXX_LIBRARY = "libc++";
				CLANG_ENABLE_MODULES = YES;
				CLANG_ENABLE_OBJC_ARC = YES;
				CLANG_ENABLE_OBJC_WEAK = YES;
				CLANG_WARN_BLOCK_CAPTURE_AUTORELEASING = YES;
				CLANG_WARN_BOOL_CONVERSION = YES;
				CLANG_WARN_COMMA = YES;
				CLANG_WARN_CONSTANT_CONVERSION = YES;
				CLANG_WARN_DEPRECATED_OBJC_IMPLEMENTATIONS = YES;
				CLANG_WARN_DIRECT_OBJC_ISA_USAGE = YES_ERROR;
				CLANG_WARN_DOCUMENTATION_COMMENTS = YES;
				CLANG_WARN_EMPTY_BODY = YES;
				CLANG_WARN_ENUM_CONVERSION = YES;
				CLANG_WARN_INFINITE_RECURSION = YES;
				CLANG_WARN_INT_CONVERSION = YES;
				CLANG_WARN_NON_LITERAL_NULL_CONVERSION = YES;
				CLANG_WARN_OBJC_IMPLICIT_RETAIN_SELF = YES;
				CLANG_WARN_OBJC_LITERAL_CONVERSION = YES;
				CLANG_WARN_OBJC_ROOT_CLASS = YES_ERROR;
				CLANG_WARN_QUOTED_INCLUDE_IN_FRAMEWORK_HEADER = YES;
				CLANG_WARN_RANGE_LOOP_ANALYSIS = YES;
				CLANG_WARN_STRICT_PROTOTYPES = YES;
				CLANG_WARN_SUSPICIOUS_MOVE = YES;
				CLANG_WARN_UNGUARDED_AVAILABILITY = YES_AGGRESSIVE;
				CLANG_WARN_UNREACHABLE_CODE = YES;
				CLANG_WARN__DUPLICATE_METHOD_MATCH = YES;
				COPY_PHASE_STRIP = NO;
				DEBUG_INFORMATION_FORMAT = dwarf;
				ENABLE_STRICT_OBJC_MSGSEND = YES;
				ENABLE_TESTABILITY = YES;
				GCC_C_LANGUAGE_STANDARD = gnu11;
				GCC_DYNAMIC_NO_PIC = NO;
				GCC_NO_COMMON_BLOCKS = YES;
				GCC_OPTIMIZATION_LEVEL = 0;
				GCC_PREPROCESSOR_DEFINITIONS = (
					"DEBUG=1",
					"$(inherited)",
				);
				GCC_WARN_64_TO_32_BIT_CONVERSION = YES;
				GCC_WARN_ABOUT_RETURN_TYPE = YES_ERROR;
				GCC_WARN_UNDECLARED_SELECTOR = YES;
				GCC_WARN_UNINITIALIZED_AUTOS = YES_AGGRESSIVE;
				GCC_WARN_UNUSED_FUNCTION = YES;
				GCC_WARN_UNUSED_VARIABLE = YES;
				IPHONEOS_DEPLOYMENT_TARGET = 13.6;
				MTL_ENABLE_DEBUG_INFO = INCLUDE_SOURCE;
				MTL_FAST_MATH = YES;
				ONLY_ACTIVE_ARCH = YES;
				SDKROOT = iphoneos;
				SWIFT_ACTIVE_COMPILATION_CONDITIONS = DEBUG;
				SWIFT_OPTIMIZATION_LEVEL = "-Onone";
			};
			name = Debug;
		};
		15A321B124E40EE400993CA3 /* Release */ = {
			isa = XCBuildConfiguration;
			buildSettings = {
				ALWAYS_SEARCH_USER_PATHS = NO;
				CLANG_ANALYZER_NONNULL = YES;
				CLANG_ANALYZER_NUMBER_OBJECT_CONVERSION = YES_AGGRESSIVE;
				CLANG_CXX_LANGUAGE_STANDARD = "gnu++14";
				CLANG_CXX_LIBRARY = "libc++";
				CLANG_ENABLE_MODULES = YES;
				CLANG_ENABLE_OBJC_ARC = YES;
				CLANG_ENABLE_OBJC_WEAK = YES;
				CLANG_WARN_BLOCK_CAPTURE_AUTORELEASING = YES;
				CLANG_WARN_BOOL_CONVERSION = YES;
				CLANG_WARN_COMMA = YES;
				CLANG_WARN_CONSTANT_CONVERSION = YES;
				CLANG_WARN_DEPRECATED_OBJC_IMPLEMENTATIONS = YES;
				CLANG_WARN_DIRECT_OBJC_ISA_USAGE = YES_ERROR;
				CLANG_WARN_DOCUMENTATION_COMMENTS = YES;
				CLANG_WARN_EMPTY_BODY = YES;
				CLANG_WARN_ENUM_CONVERSION = YES;
				CLANG_WARN_INFINITE_RECURSION = YES;
				CLANG_WARN_INT_CONVERSION = YES;
				CLANG_WARN_NON_LITERAL_NULL_CONVERSION = YES;
				CLANG_WARN_OBJC_IMPLICIT_RETAIN_SELF = YES;
				CLANG_WARN_OBJC_LITERAL_CONVERSION = YES;
				CLANG_WARN_OBJC_ROOT_CLASS = YES_ERROR;
				CLANG_WARN_QUOTED_INCLUDE_IN_FRAMEWORK_HEADER = YES;
				CLANG_WARN_RANGE_LOOP_ANALYSIS = YES;
				CLANG_WARN_STRICT_PROTOTYPES = YES;
				CLANG_WARN_SUSPICIOUS_MOVE = YES;
				CLANG_WARN_UNGUARDED_AVAILABILITY = YES_AGGRESSIVE;
				CLANG_WARN_UNREACHABLE_CODE = YES;
				CLANG_WARN__DUPLICATE_METHOD_MATCH = YES;
				COPY_PHASE_STRIP = NO;
				DEBUG_INFORMATION_FORMAT = "dwarf-with-dsym";
				ENABLE_NS_ASSERTIONS = NO;
				ENABLE_STRICT_OBJC_MSGSEND = YES;
				GCC_C_LANGUAGE_STANDARD = gnu11;
				GCC_NO_COMMON_BLOCKS = YES;
				GCC_WARN_64_TO_32_BIT_CONVERSION = YES;
				GCC_WARN_ABOUT_RETURN_TYPE = YES_ERROR;
				GCC_WARN_UNDECLARED_SELECTOR = YES;
				GCC_WARN_UNINITIALIZED_AUTOS = YES_AGGRESSIVE;
				GCC_WARN_UNUSED_FUNCTION = YES;
				GCC_WARN_UNUSED_VARIABLE = YES;
				IPHONEOS_DEPLOYMENT_TARGET = 13.6;
				MTL_ENABLE_DEBUG_INFO = NO;
				MTL_FAST_MATH = YES;
				SDKROOT = iphoneos;
				SWIFT_COMPILATION_MODE = wholemodule;
				SWIFT_OPTIMIZATION_LEVEL = "-O";
				VALIDATE_PRODUCT = YES;
			};
			name = Release;
		};
		15A321B324E40EE400993CA3 /* Debug */ = {
			isa = XCBuildConfiguration;
			buildSettings = {
				ASSETCATALOG_COMPILER_APPICON_NAME = AppIcon;
				CODE_SIGN_STYLE = Automatic;
				INFOPLIST_FILE = BaseBallGame/Info.plist;
				LD_RUNPATH_SEARCH_PATHS = (
					"$(inherited)",
					"@executable_path/Frameworks",
				);
				MARKETING_VERSION = 2.0;
				PRODUCT_BUNDLE_IDENTIFIER = net.hongnemo.BaseBallGame;
				PRODUCT_NAME = "$(TARGET_NAME)";
				SWIFT_VERSION = 5.0;
				TARGETED_DEVICE_FAMILY = "1,2";
			};
			name = Debug;
		};
		15A321B424E40EE400993CA3 /* Release */ = {
			isa = XCBuildConfiguration;
			buildSettings = {
				ASSETCATALOG_COMPILER_APPICON_NAME = AppIcon;
				CODE_SIGN_STYLE = Automatic;
				INFOPLIST_FILE = BaseBallGame/Info.plist;
				LD_RUNPATH_SEARCH_PATHS = (
					"$(inherited)",
					"@executable_path/Frameworks",
				);
				MARKETING_VERSION = 2.0;
				PRODUCT_BUNDLE_IDENTIFIER = net.hongnemo.BaseBallGame;
				PRODUCT_NAME = "$(TARGET_NAME)";
				SWIFT_VERSION = 5.0;
				TARGETED_DEVICE_FAMILY = "1,2";
			};
			name = Release;
		};
/* End XCBuildConfiguration section */

/* Begin XCConfigurationList section */
		15A3219924E40EE200993CA3 /* Build configuration list for PBXProject "BaseBallGame" */ = {
			isa = XCConfigurationList;
			buildConfigurations = (
				15A321B024E40EE400993CA3 /* Debug */,
				15A321B124E40EE400993CA3 /* Release */,
			);
			defaultConfigurationIsVisible = 0;
			defaultConfigurationName = Release;
		};
		15A321B224E40EE400993CA3 /* Build configuration list for PBXNativeTarget "BaseBallGame" */ = {
			isa = XCConfigurationList;
			buildConfigurations = (
				15A321B324E40EE400993CA3 /* Debug */,
				15A321B424E40EE400993CA3 /* Release */,
			);
			defaultConfigurationIsVisible = 0;
			defaultConfigurationName = Release;
		};
/* End XCConfigurationList section */
	};
	rootObject = 15A3219624E40EE200993CA3 /* Project object */;
}
